
Microsoft Visual Studio Solution File, Format Version 12.00
# Visual Studio 2013
VisualStudioVersion = 12.0.21005.1
MinimumVisualStudioVersion = 10.0.40219.1
Project("{FAE04EC0-301F-11D3-BF4B-00C04F79EFBC}") = "SCREEN_MRW", "SCREEN_MRW\SCREEN_MRW.csproj", "{CFC8D53E-AC3E-43C2-BF9D-DF6BD06915BE}"
EndProject
Global
	GlobalSection(SolutionConfigurationPlatforms) = preSolution
		Debug|Any CPU = Debug|Any CPU
		Release|Any CPU = Release|Any CPU
	EndGlobalSection
	GlobalSection(ProjectConfigurationPlatforms) = postSolution
		{CFC8D53E-AC3E-43C2-BF9D-DF6BD06915BE}.Debug|Any CPU.ActiveCfg = Debug|Any CPU
		{CFC8D53E-AC3E-43C2-BF9D-DF6BD06915BE}.Debug|Any CPU.Build.0 = Debug|Any CPU
		{CFC8D53E-AC3E-43C2-BF9D-DF6BD06915BE}.Release|Any CPU.ActiveCfg = Release|Any CPU
		{CFC8D53E-AC3E-43C2-BF9D-DF6BD06915BE}.Release|Any CPU.Build.0 = Release|Any CPU
	EndGlobalSection
	GlobalSection(SolutionProperties) = preSolution
		HideSolutionNode = FALSE
	EndGlobalSection
EndGlobal
